
Microsoft Visual Studio Solution File, Format Version 12.00
# Visual Studio Version 16
VisualStudioVersion = 16.0.29613.14
MinimumVisualStudioVersion = 10.0.40219.1
Project("{FAE04EC0-301F-11D3-BF4B-00C04F79EFBC}") = "BaiTH1", "BaiTH1\BaiTH1.csproj", "{413FDD10-E4FE-4640-A13D-D154E75DED8C}"
EndProject
Global
	GlobalSection(SolutionConfigurationPlatforms) = preSolution
		Debug|Any CPU = Debug|Any CPU
		Release|Any CPU = Release|Any CPU
	EndGlobalSection
	GlobalSection(ProjectConfigurationPlatforms) = postSolution
		{413FDD10-E4FE-4640-A13D-D154E75DED8C}.Debug|Any CPU.ActiveCfg = Debug|Any CPU
		{413FDD10-E4FE-4640-A13D-D154E75DED8C}.Debug|Any CPU.Build.0 = Debug|Any CPU
		{413FDD10-E4FE-4640-A13D-D154E75DED8C}.Release|Any CPU.ActiveCfg = Release|Any CPU
		{413FDD10-E4FE-4640-A13D-D154E75DED8C}.Release|Any CPU.Build.0 = Release|Any CPU
	EndGlobalSection
	GlobalSection(SolutionProperties) = preSolution
		HideSolutionNode = FALSE
	EndGlobalSection
	GlobalSection(ExtensibilityGlobals) = postSolution
		SolutionGuid = {54ADEE5C-B935-4E45-A262-3B4B1CA6A05A}
	EndGlobalSection
EndGlobal
