
Microsoft Visual Studio Solution File, Format Version 12.00
# Visual Studio Version 16
VisualStudioVersion = 16.0.29613.14
MinimumVisualStudioVersion = 10.0.40219.1
Project("{FAE04EC0-301F-11D3-BF4B-00C04F79EFBC}") = "Mang", "Mang\Mang.csproj", "{4471FEAE-1C12-4BC0-A98C-2ACF8360A280}"
EndProject
Global
	GlobalSection(SolutionConfigurationPlatforms) = preSolution
		Debug|Any CPU = Debug|Any CPU
		Release|Any CPU = Release|Any CPU
	EndGlobalSection
	GlobalSection(ProjectConfigurationPlatforms) = postSolution
		{4471FEAE-1C12-4BC0-A98C-2ACF8360A280}.Debug|Any CPU.ActiveCfg = Debug|Any CPU
		{4471FEAE-1C12-4BC0-A98C-2ACF8360A280}.Debug|Any CPU.Build.0 = Debug|Any CPU
		{4471FEAE-1C12-4BC0-A98C-2ACF8360A280}.Release|Any CPU.ActiveCfg = Release|Any CPU
		{4471FEAE-1C12-4BC0-A98C-2ACF8360A280}.Release|Any CPU.Build.0 = Release|Any CPU
	EndGlobalSection
	GlobalSection(SolutionProperties) = preSolution
		HideSolutionNode = FALSE
	EndGlobalSection
	GlobalSection(ExtensibilityGlobals) = postSolution
		SolutionGuid = {28A9B742-A6EE-438F-BC2B-F1CF759B98BC}
	EndGlobalSection
EndGlobal
